
Microsoft Visual Studio Solution File, Format Version 12.00
# Visual Studio Version 17
VisualStudioVersion = 17.11.35312.102
MinimumVisualStudioVersion = 10.0.40219.1
Project("{FAE04EC0-301F-11D3-BF4B-00C04F79EFBC}") = "Demo2", "Demo2\Demo2.csproj", "{DC6C40B9-A819-4990-B6F2-F72D8383009F}"
EndProject
Global
	GlobalSection(SolutionConfigurationPlatforms) = preSolution
		Debug|Any CPU = Debug|Any CPU
		Release|Any CPU = Release|Any CPU
	EndGlobalSection
	GlobalSection(ProjectConfigurationPlatforms) = postSolution
		{DC6C40B9-A819-4990-B6F2-F72D8383009F}.Debug|Any CPU.ActiveCfg = Debug|Any CPU
		{DC6C40B9-A819-4990-B6F2-F72D8383009F}.Debug|Any CPU.Build.0 = Debug|Any CPU
		{DC6C40B9-A819-4990-B6F2-F72D8383009F}.Release|Any CPU.ActiveCfg = Release|Any CPU
		{DC6C40B9-A819-4990-B6F2-F72D8383009F}.Release|Any CPU.Build.0 = Release|Any CPU
	EndGlobalSection
	GlobalSection(SolutionProperties) = preSolution
		HideSolutionNode = FALSE
	EndGlobalSection
	GlobalSection(ExtensibilityGlobals) = postSolution
		SolutionGuid = {A7AD40F0-2D7C-47D3-875E-A573018448D2}
	EndGlobalSection
EndGlobal
